
Microsoft Visual Studio Solution File, Format Version 12.00
# Visual Studio Version 16
VisualStudioVersion = 16.0.30804.86
MinimumVisualStudioVersion = 10.0.40219.1
Project("{FAE04EC0-301F-11D3-BF4B-00C04F79EFBC}") = "HealthSystemV3", "HealthSystemV3.csproj", "{866291A6-B907-4B0F-AE88-088D7E9F8B61}"
EndProject
Global
	GlobalSection(SolutionConfigurationPlatforms) = preSolution
		Debug|Any CPU = Debug|Any CPU
		Release|Any CPU = Release|Any CPU
	EndGlobalSection
	GlobalSection(ProjectConfigurationPlatforms) = postSolution
		{866291A6-B907-4B0F-AE88-088D7E9F8B61}.Debug|Any CPU.ActiveCfg = Debug|Any CPU
		{866291A6-B907-4B0F-AE88-088D7E9F8B61}.Debug|Any CPU.Build.0 = Debug|Any CPU
		{866291A6-B907-4B0F-AE88-088D7E9F8B61}.Release|Any CPU.ActiveCfg = Release|Any CPU
		{866291A6-B907-4B0F-AE88-088D7E9F8B61}.Release|Any CPU.Build.0 = Release|Any CPU
	EndGlobalSection
	GlobalSection(SolutionProperties) = preSolution
		HideSolutionNode = FALSE
	EndGlobalSection
	GlobalSection(ExtensibilityGlobals) = postSolution
		SolutionGuid = {95AC221A-7932-49AB-8932-7E1D27ED52CA}
	EndGlobalSection
EndGlobal
